
Microsoft Visual Studio Solution File, Format Version 12.00
# Visual Studio Version 17
VisualStudioVersion = 17.3.32929.385
MinimumVisualStudioVersion = 10.0.40219.1
Project("{9A19103F-16F7-4668-BE54-9A1E7A4F7556}") = "LibDbProviders.Base", "src\LibDbProviders.Base\LibDbProviders.Base.csproj", "{A8462A3B-32FC-4475-9F58-0D58E65EF93E}"
EndProject
Project("{9A19103F-16F7-4668-BE54-9A1E7A4F7556}") = "LibDbProviders.SqLite", "src\LibDbProviders.SqLite\LibDbProviders.SqLite.csproj", "{1C8571AA-BDA7-4DAE-AE87-16071D58ED4C}"
EndProject
Project("{9A19103F-16F7-4668-BE54-9A1E7A4F7556}") = "LibDbProviders.MySql", "src\LibDbProviders.MySql\LibDbProviders.MySql.csproj", "{1AC3AF22-7C16-421A-A568-BD08AD8C3536}"
EndProject
Project("{9A19103F-16F7-4668-BE54-9A1E7A4F7556}") = "LibDbProviders.Odbc", "src\LibDbProviders.Odbc\LibDbProviders.Odbc.csproj", "{331FAC47-1A9B-4873-82AC-1666E55EA6E9}"
EndProject
Project("{9A19103F-16F7-4668-BE54-9A1E7A4F7556}") = "LibDbProviders.PostgreSql", "src\LibDbProviders.PostgreSql\LibDbProviders.PostgreSql.csproj", "{9FC402DF-F48B-412A-81E8-EC66A79E704B}"
EndProject
Project("{9A19103F-16F7-4668-BE54-9A1E7A4F7556}") = "LibDbProviders.Spark", "src\LibDbProviders.Spark\LibDbProviders.Spark.csproj", "{1099AC9D-D36A-40E1-8460-B6E1D0EF177F}"
EndProject
Project("{9A19103F-16F7-4668-BE54-9A1E7A4F7556}") = "LibDbProviders.SqlServer", "src\LibDbProviders.SqlServer\LibDbProviders.SqlServer.csproj", "{AB70250C-0894-4AFD-9F1D-FA0E2192F055}"
EndProject
Project("{FAE04EC0-301F-11D3-BF4B-00C04F79EFBC}") = "LibDbProviders.DuckDb", "src\LibDbProviders.DuckDb\LibDbProviders.DuckDb.csproj", "{7D108CB9-9524-8FCA-B837-7C13FDB6AE51}"
EndProject
Project("{FAE04EC0-301F-11D3-BF4B-00C04F79EFBC}") = "DbAggregator", "src\DbAggregator\DbAggregator.csproj", "{19BFAE7A-6A7A-703F-1AA9-2520E2D0BA15}"
EndProject
Project("{2150E333-8FDC-42A3-9474-1A3956D46DE8}") = "Tests", "Tests", "{02EA681E-C7D8-13C7-8484-4AC65E1B71E8}"
EndProject
Project("{FAE04EC0-301F-11D3-BF4B-00C04F79EFBC}") = "Sql.Tests.Console", "tests\Sql.Tests.Console\Sql.Tests.Console.csproj", "{B3777F5A-FAA3-49D6-8D37-C655FA682E80}"
EndProject
Global
	GlobalSection(SolutionConfigurationPlatforms) = preSolution
		CosmosLocal|Any CPU = CosmosLocal|Any CPU
		Debug|Any CPU = Debug|Any CPU
		Integracion|Any CPU = Integracion|Any CPU
		Produccion|Any CPU = Produccion|Any CPU
		Pruebas|Any CPU = Pruebas|Any CPU
		Release|Any CPU = Release|Any CPU
	EndGlobalSection
	GlobalSection(ProjectConfigurationPlatforms) = postSolution
		{A8462A3B-32FC-4475-9F58-0D58E65EF93E}.CosmosLocal|Any CPU.ActiveCfg = Debug|Any CPU
		{A8462A3B-32FC-4475-9F58-0D58E65EF93E}.CosmosLocal|Any CPU.Build.0 = Debug|Any CPU
		{A8462A3B-32FC-4475-9F58-0D58E65EF93E}.Debug|Any CPU.ActiveCfg = Debug|Any CPU
		{A8462A3B-32FC-4475-9F58-0D58E65EF93E}.Debug|Any CPU.Build.0 = Debug|Any CPU
		{A8462A3B-32FC-4475-9F58-0D58E65EF93E}.Integracion|Any CPU.ActiveCfg = Debug|Any CPU
		{A8462A3B-32FC-4475-9F58-0D58E65EF93E}.Integracion|Any CPU.Build.0 = Debug|Any CPU
		{A8462A3B-32FC-4475-9F58-0D58E65EF93E}.Produccion|Any CPU.ActiveCfg = Debug|Any CPU
		{A8462A3B-32FC-4475-9F58-0D58E65EF93E}.Produccion|Any CPU.Build.0 = Debug|Any CPU
		{A8462A3B-32FC-4475-9F58-0D58E65EF93E}.Pruebas|Any CPU.ActiveCfg = Debug|Any CPU
		{A8462A3B-32FC-4475-9F58-0D58E65EF93E}.Pruebas|Any CPU.Build.0 = Debug|Any CPU
		{A8462A3B-32FC-4475-9F58-0D58E65EF93E}.Release|Any CPU.ActiveCfg = Release|Any CPU
		{A8462A3B-32FC-4475-9F58-0D58E65EF93E}.Release|Any CPU.Build.0 = Release|Any CPU
		{1C8571AA-BDA7-4DAE-AE87-16071D58ED4C}.CosmosLocal|Any CPU.ActiveCfg = Debug|Any CPU
		{1C8571AA-BDA7-4DAE-AE87-16071D58ED4C}.CosmosLocal|Any CPU.Build.0 = Debug|Any CPU
		{1C8571AA-BDA7-4DAE-AE87-16071D58ED4C}.Debug|Any CPU.ActiveCfg = Debug|Any CPU
		{1C8571AA-BDA7-4DAE-AE87-16071D58ED4C}.Debug|Any CPU.Build.0 = Debug|Any CPU
		{1C8571AA-BDA7-4DAE-AE87-16071D58ED4C}.Integracion|Any CPU.ActiveCfg = Debug|Any CPU
		{1C8571AA-BDA7-4DAE-AE87-16071D58ED4C}.Integracion|Any CPU.Build.0 = Debug|Any CPU
		{1C8571AA-BDA7-4DAE-AE87-16071D58ED4C}.Produccion|Any CPU.ActiveCfg = Debug|Any CPU
		{1C8571AA-BDA7-4DAE-AE87-16071D58ED4C}.Produccion|Any CPU.Build.0 = Debug|Any CPU
		{1C8571AA-BDA7-4DAE-AE87-16071D58ED4C}.Pruebas|Any CPU.ActiveCfg = Debug|Any CPU
		{1C8571AA-BDA7-4DAE-AE87-16071D58ED4C}.Pruebas|Any CPU.Build.0 = Debug|Any CPU
		{1C8571AA-BDA7-4DAE-AE87-16071D58ED4C}.Release|Any CPU.ActiveCfg = Release|Any CPU
		{1C8571AA-BDA7-4DAE-AE87-16071D58ED4C}.Release|Any CPU.Build.0 = Release|Any CPU
		{1AC3AF22-7C16-421A-A568-BD08AD8C3536}.CosmosLocal|Any CPU.ActiveCfg = Debug|Any CPU
		{1AC3AF22-7C16-421A-A568-BD08AD8C3536}.CosmosLocal|Any CPU.Build.0 = Debug|Any CPU
		{1AC3AF22-7C16-421A-A568-BD08AD8C3536}.Debug|Any CPU.ActiveCfg = Debug|Any CPU
		{1AC3AF22-7C16-421A-A568-BD08AD8C3536}.Debug|Any CPU.Build.0 = Debug|Any CPU
		{1AC3AF22-7C16-421A-A568-BD08AD8C3536}.Integracion|Any CPU.ActiveCfg = Debug|Any CPU
		{1AC3AF22-7C16-421A-A568-BD08AD8C3536}.Integracion|Any CPU.Build.0 = Debug|Any CPU
		{1AC3AF22-7C16-421A-A568-BD08AD8C3536}.Produccion|Any CPU.ActiveCfg = Debug|Any CPU
		{1AC3AF22-7C16-421A-A568-BD08AD8C3536}.Produccion|Any CPU.Build.0 = Debug|Any CPU
		{1AC3AF22-7C16-421A-A568-BD08AD8C3536}.Pruebas|Any CPU.ActiveCfg = Debug|Any CPU
		{1AC3AF22-7C16-421A-A568-BD08AD8C3536}.Pruebas|Any CPU.Build.0 = Debug|Any CPU
		{1AC3AF22-7C16-421A-A568-BD08AD8C3536}.Release|Any CPU.ActiveCfg = Release|Any CPU
		{1AC3AF22-7C16-421A-A568-BD08AD8C3536}.Release|Any CPU.Build.0 = Release|Any CPU
		{331FAC47-1A9B-4873-82AC-1666E55EA6E9}.CosmosLocal|Any CPU.ActiveCfg = Debug|Any CPU
		{331FAC47-1A9B-4873-82AC-1666E55EA6E9}.CosmosLocal|Any CPU.Build.0 = Debug|Any CPU
		{331FAC47-1A9B-4873-82AC-1666E55EA6E9}.Debug|Any CPU.ActiveCfg = Debug|Any CPU
		{331FAC47-1A9B-4873-82AC-1666E55EA6E9}.Debug|Any CPU.Build.0 = Debug|Any CPU
		{331FAC47-1A9B-4873-82AC-1666E55EA6E9}.Integracion|Any CPU.ActiveCfg = Debug|Any CPU
		{331FAC47-1A9B-4873-82AC-1666E55EA6E9}.Integracion|Any CPU.Build.0 = Debug|Any CPU
		{331FAC47-1A9B-4873-82AC-1666E55EA6E9}.Produccion|Any CPU.ActiveCfg = Debug|Any CPU
		{331FAC47-1A9B-4873-82AC-1666E55EA6E9}.Produccion|Any CPU.Build.0 = Debug|Any CPU
		{331FAC47-1A9B-4873-82AC-1666E55EA6E9}.Pruebas|Any CPU.ActiveCfg = Debug|Any CPU
		{331FAC47-1A9B-4873-82AC-1666E55EA6E9}.Pruebas|Any CPU.Build.0 = Debug|Any CPU
		{331FAC47-1A9B-4873-82AC-1666E55EA6E9}.Release|Any CPU.ActiveCfg = Release|Any CPU
		{331FAC47-1A9B-4873-82AC-1666E55EA6E9}.Release|Any CPU.Build.0 = Release|Any CPU
		{9FC402DF-F48B-412A-81E8-EC66A79E704B}.CosmosLocal|Any CPU.ActiveCfg = Debug|Any CPU
		{9FC402DF-F48B-412A-81E8-EC66A79E704B}.CosmosLocal|Any CPU.Build.0 = Debug|Any CPU
		{9FC402DF-F48B-412A-81E8-EC66A79E704B}.Debug|Any CPU.ActiveCfg = Debug|Any CPU
		{9FC402DF-F48B-412A-81E8-EC66A79E704B}.Debug|Any CPU.Build.0 = Debug|Any CPU
		{9FC402DF-F48B-412A-81E8-EC66A79E704B}.Integracion|Any CPU.ActiveCfg = Debug|Any CPU
		{9FC402DF-F48B-412A-81E8-EC66A79E704B}.Integracion|Any CPU.Build.0 = Debug|Any CPU
		{9FC402DF-F48B-412A-81E8-EC66A79E704B}.Produccion|Any CPU.ActiveCfg = Debug|Any CPU
		{9FC402DF-F48B-412A-81E8-EC66A79E704B}.Produccion|Any CPU.Build.0 = Debug|Any CPU
		{9FC402DF-F48B-412A-81E8-EC66A79E704B}.Pruebas|Any CPU.ActiveCfg = Debug|Any CPU
		{9FC402DF-F48B-412A-81E8-EC66A79E704B}.Pruebas|Any CPU.Build.0 = Debug|Any CPU
		{9FC402DF-F48B-412A-81E8-EC66A79E704B}.Release|Any CPU.ActiveCfg = Release|Any CPU
		{9FC402DF-F48B-412A-81E8-EC66A79E704B}.Release|Any CPU.Build.0 = Release|Any CPU
		{1099AC9D-D36A-40E1-8460-B6E1D0EF177F}.CosmosLocal|Any CPU.ActiveCfg = Debug|Any CPU
		{1099AC9D-D36A-40E1-8460-B6E1D0EF177F}.CosmosLocal|Any CPU.Build.0 = Debug|Any CPU
		{1099AC9D-D36A-40E1-8460-B6E1D0EF177F}.Debug|Any CPU.ActiveCfg = Debug|Any CPU
		{1099AC9D-D36A-40E1-8460-B6E1D0EF177F}.Debug|Any CPU.Build.0 = Debug|Any CPU
		{1099AC9D-D36A-40E1-8460-B6E1D0EF177F}.Integracion|Any CPU.ActiveCfg = Debug|Any CPU
		{1099AC9D-D36A-40E1-8460-B6E1D0EF177F}.Integracion|Any CPU.Build.0 = Debug|Any CPU
		{1099AC9D-D36A-40E1-8460-B6E1D0EF177F}.Produccion|Any CPU.ActiveCfg = Debug|Any CPU
		{1099AC9D-D36A-40E1-8460-B6E1D0EF177F}.Produccion|Any CPU.Build.0 = Debug|Any CPU
		{1099AC9D-D36A-40E1-8460-B6E1D0EF177F}.Pruebas|Any CPU.ActiveCfg = Debug|Any CPU
		{1099AC9D-D36A-40E1-8460-B6E1D0EF177F}.Pruebas|Any CPU.Build.0 = Debug|Any CPU
		{1099AC9D-D36A-40E1-8460-B6E1D0EF177F}.Release|Any CPU.ActiveCfg = Release|Any CPU
		{1099AC9D-D36A-40E1-8460-B6E1D0EF177F}.Release|Any CPU.Build.0 = Release|Any CPU
		{AB70250C-0894-4AFD-9F1D-FA0E2192F055}.CosmosLocal|Any CPU.ActiveCfg = Debug|Any CPU
		{AB70250C-0894-4AFD-9F1D-FA0E2192F055}.CosmosLocal|Any CPU.Build.0 = Debug|Any CPU
		{AB70250C-0894-4AFD-9F1D-FA0E2192F055}.Debug|Any CPU.ActiveCfg = Debug|Any CPU
		{AB70250C-0894-4AFD-9F1D-FA0E2192F055}.Debug|Any CPU.Build.0 = Debug|Any CPU
		{AB70250C-0894-4AFD-9F1D-FA0E2192F055}.Integracion|Any CPU.ActiveCfg = Debug|Any CPU
		{AB70250C-0894-4AFD-9F1D-FA0E2192F055}.Integracion|Any CPU.Build.0 = Debug|Any CPU
		{AB70250C-0894-4AFD-9F1D-FA0E2192F055}.Produccion|Any CPU.ActiveCfg = Debug|Any CPU
		{AB70250C-0894-4AFD-9F1D-FA0E2192F055}.Produccion|Any CPU.Build.0 = Debug|Any CPU
		{AB70250C-0894-4AFD-9F1D-FA0E2192F055}.Pruebas|Any CPU.ActiveCfg = Debug|Any CPU
		{AB70250C-0894-4AFD-9F1D-FA0E2192F055}.Pruebas|Any CPU.Build.0 = Debug|Any CPU
		{AB70250C-0894-4AFD-9F1D-FA0E2192F055}.Release|Any CPU.ActiveCfg = Release|Any CPU
		{AB70250C-0894-4AFD-9F1D-FA0E2192F055}.Release|Any CPU.Build.0 = Release|Any CPU
		{7D108CB9-9524-8FCA-B837-7C13FDB6AE51}.CosmosLocal|Any CPU.ActiveCfg = Debug|Any CPU
		{7D108CB9-9524-8FCA-B837-7C13FDB6AE51}.CosmosLocal|Any CPU.Build.0 = Debug|Any CPU
		{7D108CB9-9524-8FCA-B837-7C13FDB6AE51}.Debug|Any CPU.ActiveCfg = Debug|Any CPU
		{7D108CB9-9524-8FCA-B837-7C13FDB6AE51}.Debug|Any CPU.Build.0 = Debug|Any CPU
		{7D108CB9-9524-8FCA-B837-7C13FDB6AE51}.Integracion|Any CPU.ActiveCfg = Debug|Any CPU
		{7D108CB9-9524-8FCA-B837-7C13FDB6AE51}.Integracion|Any CPU.Build.0 = Debug|Any CPU
		{7D108CB9-9524-8FCA-B837-7C13FDB6AE51}.Produccion|Any CPU.ActiveCfg = Release|Any CPU
		{7D108CB9-9524-8FCA-B837-7C13FDB6AE51}.Produccion|Any CPU.Build.0 = Release|Any CPU
		{7D108CB9-9524-8FCA-B837-7C13FDB6AE51}.Pruebas|Any CPU.ActiveCfg = Debug|Any CPU
		{7D108CB9-9524-8FCA-B837-7C13FDB6AE51}.Pruebas|Any CPU.Build.0 = Debug|Any CPU
		{7D108CB9-9524-8FCA-B837-7C13FDB6AE51}.Release|Any CPU.ActiveCfg = Release|Any CPU
		{7D108CB9-9524-8FCA-B837-7C13FDB6AE51}.Release|Any CPU.Build.0 = Release|Any CPU
		{19BFAE7A-6A7A-703F-1AA9-2520E2D0BA15}.CosmosLocal|Any CPU.ActiveCfg = Debug|Any CPU
		{19BFAE7A-6A7A-703F-1AA9-2520E2D0BA15}.CosmosLocal|Any CPU.Build.0 = Debug|Any CPU
		{19BFAE7A-6A7A-703F-1AA9-2520E2D0BA15}.Debug|Any CPU.ActiveCfg = Debug|Any CPU
		{19BFAE7A-6A7A-703F-1AA9-2520E2D0BA15}.Debug|Any CPU.Build.0 = Debug|Any CPU
		{19BFAE7A-6A7A-703F-1AA9-2520E2D0BA15}.Integracion|Any CPU.ActiveCfg = Debug|Any CPU
		{19BFAE7A-6A7A-703F-1AA9-2520E2D0BA15}.Integracion|Any CPU.Build.0 = Debug|Any CPU
		{19BFAE7A-6A7A-703F-1AA9-2520E2D0BA15}.Produccion|Any CPU.ActiveCfg = Release|Any CPU
		{19BFAE7A-6A7A-703F-1AA9-2520E2D0BA15}.Produccion|Any CPU.Build.0 = Release|Any CPU
		{19BFAE7A-6A7A-703F-1AA9-2520E2D0BA15}.Pruebas|Any CPU.ActiveCfg = Debug|Any CPU
		{19BFAE7A-6A7A-703F-1AA9-2520E2D0BA15}.Pruebas|Any CPU.Build.0 = Debug|Any CPU
		{19BFAE7A-6A7A-703F-1AA9-2520E2D0BA15}.Release|Any CPU.ActiveCfg = Release|Any CPU
		{19BFAE7A-6A7A-703F-1AA9-2520E2D0BA15}.Release|Any CPU.Build.0 = Release|Any CPU
		{B3777F5A-FAA3-49D6-8D37-C655FA682E80}.CosmosLocal|Any CPU.ActiveCfg = Debug|Any CPU
		{B3777F5A-FAA3-49D6-8D37-C655FA682E80}.CosmosLocal|Any CPU.Build.0 = Debug|Any CPU
		{B3777F5A-FAA3-49D6-8D37-C655FA682E80}.Debug|Any CPU.ActiveCfg = Debug|Any CPU
		{B3777F5A-FAA3-49D6-8D37-C655FA682E80}.Debug|Any CPU.Build.0 = Debug|Any CPU
		{B3777F5A-FAA3-49D6-8D37-C655FA682E80}.Integracion|Any CPU.ActiveCfg = Debug|Any CPU
		{B3777F5A-FAA3-49D6-8D37-C655FA682E80}.Integracion|Any CPU.Build.0 = Debug|Any CPU
		{B3777F5A-FAA3-49D6-8D37-C655FA682E80}.Produccion|Any CPU.ActiveCfg = Release|Any CPU
		{B3777F5A-FAA3-49D6-8D37-C655FA682E80}.Produccion|Any CPU.Build.0 = Release|Any CPU
		{B3777F5A-FAA3-49D6-8D37-C655FA682E80}.Pruebas|Any CPU.ActiveCfg = Debug|Any CPU
		{B3777F5A-FAA3-49D6-8D37-C655FA682E80}.Pruebas|Any CPU.Build.0 = Debug|Any CPU
		{B3777F5A-FAA3-49D6-8D37-C655FA682E80}.Release|Any CPU.ActiveCfg = Release|Any CPU
		{B3777F5A-FAA3-49D6-8D37-C655FA682E80}.Release|Any CPU.Build.0 = Release|Any CPU
	EndGlobalSection
	GlobalSection(SolutionProperties) = preSolution
		HideSolutionNode = FALSE
	EndGlobalSection
	GlobalSection(NestedProjects) = preSolution
		{B3777F5A-FAA3-49D6-8D37-C655FA682E80} = {02EA681E-C7D8-13C7-8484-4AC65E1B71E8}
	EndGlobalSection
	GlobalSection(ExtensibilityGlobals) = postSolution
		SolutionGuid = {C30475F2-1E81-4394-A892-29290DA7CFDA}
	EndGlobalSection
EndGlobal
